
Microsoft Visual Studio Solution File, Format Version 12.00
# Visual Studio Version 16
VisualStudioVersion = 16.0.31019.35
MinimumVisualStudioVersion = 10.0.40219.1
Project("{FAE04EC0-301F-11D3-BF4B-00C04F79EFBC}") = "BookListMVC", "BookListMVC\BookListMVC.csproj", "{8735560B-F801-4525-9806-4F034FD3201B}"
EndProject
Global
	GlobalSection(SolutionConfigurationPlatforms) = preSolution
		Debug|Any CPU = Debug|Any CPU
		Release|Any CPU = Release|Any CPU
	EndGlobalSection
	GlobalSection(ProjectConfigurationPlatforms) = postSolution
		{8735560B-F801-4525-9806-4F034FD3201B}.Debug|Any CPU.ActiveCfg = Debug|Any CPU
		{8735560B-F801-4525-9806-4F034FD3201B}.Debug|Any CPU.Build.0 = Debug|Any CPU
		{8735560B-F801-4525-9806-4F034FD3201B}.Release|Any CPU.ActiveCfg = Release|Any CPU
		{8735560B-F801-4525-9806-4F034FD3201B}.Release|Any CPU.Build.0 = Release|Any CPU
	EndGlobalSection
	GlobalSection(SolutionProperties) = preSolution
		HideSolutionNode = FALSE
	EndGlobalSection
	GlobalSection(ExtensibilityGlobals) = postSolution
		SolutionGuid = {DF40B837-6F2E-4B63-95D2-B8FF73F15D88}
	EndGlobalSection
EndGlobal
